// !$*UTF8*$!
{
	archiveVersion = 1;
	classes = {
	};
	objectVersion = 56;
	objects = {

/* Begin PBXBuildFile section */
		030506EB4009690D0082E7BC /* AddViewController.swift in Sources */ = {isa = PBXBuildFile; fileRef = 030506EA4009690D0082E7BC /* AddViewController.swift */; };
		030506ED40096D820082E7BC /* AddProtocol.swift in Sources */ = {isa = PBXBuildFile; fileRef = 030506EC40096D820082E7BC /* AddProtocol.swift */; };
		037CCCD529719DA800D5B0C2 /* Login.swift in Sources */ = {isa = PBXBuildFile; fileRef = 037CCCD429719DA800D5B0C2 /* Login.swift */; };
		037CCCD729719DBD00D5B0C2 /* SignUp.swift in Sources */ = {isa = PBXBuildFile; fileRef = 037CCCD629719DBD00D5B0C2 /* SignUp.swift */; };
		03881DBA40082304005721D0 /* AppDelegate.swift in Sources */ = {isa = PBXBuildFile; fileRef = 03881DB940082304005721D0 /* AppDelegate.swift */; };
		03881DBC40082304005721D0 /* SceneDelegate.swift in Sources */ = {isa = PBXBuildFile; fileRef = 03881DBB40082304005721D0 /* SceneDelegate.swift */; };
		03881DBE40082304005721D0 /* ViewController.swift in Sources */ = {isa = PBXBuildFile; fileRef = 03881DBD40082304005721D0 /* ViewController.swift */; };
		03881DC140082304005721D0 /* Main.storyboard in Resources */ = {isa = PBXBuildFile; fileRef = 03881DBF40082304005721D0 /* Main.storyboard */; };
		03881DC340082310005721D0 /* Assets.xcassets in Resources */ = {isa = PBXBuildFile; fileRef = 03881DC240082310005721D0 /* Assets.xcassets */; };
		03881DC640082310005721D0 /* LaunchScreen.storyboard in Resources */ = {isa = PBXBuildFile; fileRef = 03881DC440082310005721D0 /* LaunchScreen.storyboard */; };
		03881DD140082312005721D0 /* MovieTests.swift in Sources */ = {isa = PBXBuildFile; fileRef = 03881DD040082312005721D0 /* MovieTests.swift */; };
		03881DDB40082312005721D0 /* MovieUITests.swift in Sources */ = {isa = PBXBuildFile; fileRef = 03881DDA40082312005721D0 /* MovieUITests.swift */; };
		03881DDD40082312005721D0 /* MovieUITestsLaunchTests.swift in Sources */ = {isa = PBXBuildFile; fileRef = 03881DDC40082312005721D0 /* MovieUITestsLaunchTests.swift */; };
		03881DEA4008252C005721D0 /* TableViewController.swift in Sources */ = {isa = PBXBuildFile; fileRef = 03881DE94008252C005721D0 /* TableViewController.swift */; };
		03881DEC40082795005721D0 /* movies.swift in Sources */ = {isa = PBXBuildFile; fileRef = 03881DEB40082795005721D0 /* movies.swift */; };
		4F1D4560D68079BA2B946873 /* Pods_Movie.framework in Frameworks */ = {isa = PBXBuildFile; fileRef = 3AB617907A94DDD33D60220D /* Pods_Movie.framework */; };
		99FF7FBBD35FA2D0307B235B /* Pods_Movie_MovieUITests.framework in Frameworks */ = {isa = PBXBuildFile; fileRef = F531484ABF6257F88D1782D7 /* Pods_Movie_MovieUITests.framework */; };
		C64E8068FD2B90B457FBB178 /* Pods_MovieTests.framework in Frameworks */ = {isa = PBXBuildFile; fileRef = BC72CD168C8CFA703CA3EE87 /* Pods_MovieTests.framework */; };
/* End PBXBuildFile section */

/* Begin PBXContainerItemProxy section */
		03881DCD40082312005721D0 /* PBXContainerItemProxy */ = {
			isa = PBXContainerItemProxy;
			containerPortal = 03881DAE40082303005721D0 /* Project object */;
			proxyType = 1;
			remoteGlobalIDString = 03881DB540082304005721D0;
			remoteInfo = Movie;
		};
		03881DD740082312005721D0 /* PBXContainerItemProxy */ = {
			isa = PBXContainerItemProxy;
			containerPortal = 03881DAE40082303005721D0 /* Project object */;
			proxyType = 1;
			remoteGlobalIDString = 03881DB540082304005721D0;
			remoteInfo = Movie;
		};
/* End PBXContainerItemProxy section */

/* Begin PBXFileReference section */
		030506EA4009690D0082E7BC /* AddViewController.swift */ = {isa = PBXFileReference; lastKnownFileType = sourcecode.swift; path = AddViewController.swift; sourceTree = "<group>"; };
		030506EC40096D820082E7BC /* AddProtocol.swift */ = {isa = PBXFileReference; lastKnownFileType = sourcecode.swift; path = AddProtocol.swift; sourceTree = "<group>"; };
		037CCCD429719DA800D5B0C2 /* Login.swift */ = {isa = PBXFileReference; lastKnownFileType = sourcecode.swift; path = Login.swift; sourceTree = "<group>"; };
		037CCCD629719DBD00D5B0C2 /* SignUp.swift */ = {isa = PBXFileReference; lastKnownFileType = sourcecode.swift; path = SignUp.swift; sourceTree = "<group>"; };
		03881DB640082304005721D0 /* Movie.app */ = {isa = PBXFileReference; explicitFileType = wrapper.application; includeInIndex = 0; path = Movie.app; sourceTree = BUILT_PRODUCTS_DIR; };
		03881DB940082304005721D0 /* AppDelegate.swift */ = {isa = PBXFileReference; lastKnownFileType = sourcecode.swift; path = AppDelegate.swift; sourceTree = "<group>"; };
		03881DBB40082304005721D0 /* SceneDelegate.swift */ = {isa = PBXFileReference; lastKnownFileType = sourcecode.swift; path = SceneDelegate.swift; sourceTree = "<group>"; };
		03881DBD40082304005721D0 /* ViewController.swift */ = {isa = PBXFileReference; lastKnownFileType = sourcecode.swift; path = ViewController.swift; sourceTree = "<group>"; };
		03881DC040082304005721D0 /* Base */ = {isa = PBXFileReference; lastKnownFileType = file.storyboard; name = Base; path = Base.lproj/Main.storyboard; sourceTree = "<group>"; };
		03881DC240082310005721D0 /* Assets.xcassets */ = {isa = PBXFileReference; lastKnownFileType = folder.assetcatalog; path = Assets.xcassets; sourceTree = "<group>"; };
		03881DC540082310005721D0 /* Base */ = {isa = PBXFileReference; lastKnownFileType = file.storyboard; name = Base; path = Base.lproj/LaunchScreen.storyboard; sourceTree = "<group>"; };
		03881DC740082310005721D0 /* Info.plist */ = {isa = PBXFileReference; lastKnownFileType = text.plist.xml; path = Info.plist; sourceTree = "<group>"; };
		03881DCC40082312005721D0 /* MovieTests.xctest */ = {isa = PBXFileReference; explicitFileType = wrapper.cfbundle; includeInIndex = 0; path = MovieTests.xctest; sourceTree = BUILT_PRODUCTS_DIR; };
		03881DD040082312005721D0 /* MovieTests.swift */ = {isa = PBXFileReference; lastKnownFileType = sourcecode.swift; path = MovieTests.swift; sourceTree = "<group>"; };
		03881DD640082312005721D0 /* MovieUITests.xctest */ = {isa = PBXFileReference; explicitFileType = wrapper.cfbundle; includeInIndex = 0; path = MovieUITests.xctest; sourceTree = BUILT_PRODUCTS_DIR; };
		03881DDA40082312005721D0 /* MovieUITests.swift */ = {isa = PBXFileReference; lastKnownFileType = sourcecode.swift; path = MovieUITests.swift; sourceTree = "<group>"; };
		03881DDC40082312005721D0 /* MovieUITestsLaunchTests.swift */ = {isa = PBXFileReference; lastKnownFileType = sourcecode.swift; path = MovieUITestsLaunchTests.swift; sourceTree = "<group>"; };
		03881DE94008252C005721D0 /* TableViewController.swift */ = {isa = PBXFileReference; lastKnownFileType = sourcecode.swift; path = TableViewController.swift; sourceTree = "<group>"; };
		03881DEB40082795005721D0 /* movies.swift */ = {isa = PBXFileReference; lastKnownFileType = sourcecode.swift; path = movies.swift; sourceTree = "<group>"; };
		3AB617907A94DDD33D60220D /* Pods_Movie.framework */ = {isa = PBXFileReference; explicitFileType = wrapper.framework; includeInIndex = 0; path = Pods_Movie.framework; sourceTree = BUILT_PRODUCTS_DIR; };
		3C4FD8E4F743E8389222C69B /* Pods-Movie-MovieUITests.debug.xcconfig */ = {isa = PBXFileReference; includeInIndex = 1; lastKnownFileType = text.xcconfig; name = "Pods-Movie-MovieUITests.debug.xcconfig"; path = "Target Support Files/Pods-Movie-MovieUITests/Pods-Movie-MovieUITests.debug.xcconfig"; sourceTree = "<group>"; };
		55668E7E5A233174D9B60C7D /* Pods-Movie.release.xcconfig */ = {isa = PBXFileReference; includeInIndex = 1; lastKnownFileType = text.xcconfig; name = "Pods-Movie.release.xcconfig"; path = "Target Support Files/Pods-Movie/Pods-Movie.release.xcconfig"; sourceTree = "<group>"; };
		92934AB4D38F7D125EF83DEB /* Pods-Movie-MovieUITests.release.xcconfig */ = {isa = PBXFileReference; includeInIndex = 1; lastKnownFileType = text.xcconfig; name = "Pods-Movie-MovieUITests.release.xcconfig"; path = "Target Support Files/Pods-Movie-MovieUITests/Pods-Movie-MovieUITests.release.xcconfig"; sourceTree = "<group>"; };
		B1FDF03920EC647911EB64CA /* Pods-MovieTests.release.xcconfig */ = {isa = PBXFileReference; includeInIndex = 1; lastKnownFileType = text.xcconfig; name = "Pods-MovieTests.release.xcconfig"; path = "Target Support Files/Pods-MovieTests/Pods-MovieTests.release.xcconfig"; sourceTree = "<group>"; };
		BC72CD168C8CFA703CA3EE87 /* Pods_MovieTests.framework */ = {isa = PBXFileReference; explicitFileType = wrapper.framework; includeInIndex = 0; path = Pods_MovieTests.framework; sourceTree = BUILT_PRODUCTS_DIR; };
		DA2C7AD39594506817E66459 /* Pods-Movie.debug.xcconfig */ = {isa = PBXFileReference; includeInIndex = 1; lastKnownFileType = text.xcconfig; name = "Pods-Movie.debug.xcconfig"; path = "Target Support Files/Pods-Movie/Pods-Movie.debug.xcconfig"; sourceTree = "<group>"; };
		F531484ABF6257F88D1782D7 /* Pods_Movie_MovieUITests.framework */ = {isa = PBXFileReference; explicitFileType = wrapper.framework; includeInIndex = 0; path = Pods_Movie_MovieUITests.framework; sourceTree = BUILT_PRODUCTS_DIR; };
		FF86C327DB6F23B5D4C6CD57 /* Pods-MovieTests.debug.xcconfig */ = {isa = PBXFileReference; includeInIndex = 1; lastKnownFileType = text.xcconfig; name = "Pods-MovieTests.debug.xcconfig"; path = "Target Support Files/Pods-MovieTests/Pods-MovieTests.debug.xcconfig"; sourceTree = "<group>"; };
/* End PBXFileReference section */

/* Begin PBXFrameworksBuildPhase section */
		03881DB340082304005721D0 /* Frameworks */ = {
			isa = PBXFrameworksBuildPhase;
			buildActionMask = 2147483647;
			files = (
				4F1D4560D68079BA2B946873 /* Pods_Movie.framework in Frameworks */,
			);
			runOnlyForDeploymentPostprocessing = 0;
		};
		03881DC940082312005721D0 /* Frameworks */ = {
			isa = PBXFrameworksBuildPhase;
			buildActionMask = 2147483647;
			files = (
				C64E8068FD2B90B457FBB178 /* Pods_MovieTests.framework in Frameworks */,
			);
			runOnlyForDeploymentPostprocessing = 0;
		};
		03881DD340082312005721D0 /* Frameworks */ = {
			isa = PBXFrameworksBuildPhase;
			buildActionMask = 2147483647;
			files = (
				99FF7FBBD35FA2D0307B235B /* Pods_Movie_MovieUITests.framework in Frameworks */,
			);
			runOnlyForDeploymentPostprocessing = 0;
		};
/* End PBXFrameworksBuildPhase section */

/* Begin PBXGroup section */
		03881DAD40082303005721D0 = {
			isa = PBXGroup;
			children = (
				03881DB840082304005721D0 /* Movie */,
				03881DCF40082312005721D0 /* MovieTests */,
				03881DD940082312005721D0 /* MovieUITests */,
				03881DB740082304005721D0 /* Products */,
				3F6EA02AA804BB428A42F9B4 /* Pods */,
				9EE939DA025B3790A6330757 /* Frameworks */,
			);
			sourceTree = "<group>";
		};
		03881DB740082304005721D0 /* Products */ = {
			isa = PBXGroup;
			children = (
				03881DB640082304005721D0 /* Movie.app */,
				03881DCC40082312005721D0 /* MovieTests.xctest */,
				03881DD640082312005721D0 /* MovieUITests.xctest */,
			);
			name = Products;
			sourceTree = "<group>";
		};
		03881DB840082304005721D0 /* Movie */ = {
			isa = PBXGroup;
			children = (
				03881DB940082304005721D0 /* AppDelegate.swift */,
				03881DBB40082304005721D0 /* SceneDelegate.swift */,
				03881DBD40082304005721D0 /* ViewController.swift */,
				03881DBF40082304005721D0 /* Main.storyboard */,
				030506EA4009690D0082E7BC /* AddViewController.swift */,
				03881DE94008252C005721D0 /* TableViewController.swift */,
				03881DEB40082795005721D0 /* movies.swift */,
				03881DC240082310005721D0 /* Assets.xcassets */,
				03881DC440082310005721D0 /* LaunchScreen.storyboard */,
				03881DC740082310005721D0 /* Info.plist */,
				030506EC40096D820082E7BC /* AddProtocol.swift */,
				037CCCD429719DA800D5B0C2 /* Login.swift */,
				037CCCD629719DBD00D5B0C2 /* SignUp.swift */,
			);
			path = Movie;
			sourceTree = "<group>";
		};
		03881DCF40082312005721D0 /* MovieTests */ = {
			isa = PBXGroup;
			children = (
				03881DD040082312005721D0 /* MovieTests.swift */,
			);
			path = MovieTests;
			sourceTree = "<group>";
		};
		03881DD940082312005721D0 /* MovieUITests */ = {
			isa = PBXGroup;
			children = (
				03881DDA40082312005721D0 /* MovieUITests.swift */,
				03881DDC40082312005721D0 /* MovieUITestsLaunchTests.swift */,
			);
			path = MovieUITests;
			sourceTree = "<group>";
		};
		3F6EA02AA804BB428A42F9B4 /* Pods */ = {
			isa = PBXGroup;
			children = (
				DA2C7AD39594506817E66459 /* Pods-Movie.debug.xcconfig */,
				55668E7E5A233174D9B60C7D /* Pods-Movie.release.xcconfig */,
				3C4FD8E4F743E8389222C69B /* Pods-Movie-MovieUITests.debug.xcconfig */,
				92934AB4D38F7D125EF83DEB /* Pods-Movie-MovieUITests.release.xcconfig */,
				FF86C327DB6F23B5D4C6CD57 /* Pods-MovieTests.debug.xcconfig */,
				B1FDF03920EC647911EB64CA /* Pods-MovieTests.release.xcconfig */,
			);
			name = Pods;
			path = Pods;
			sourceTree = "<group>";
		};
		9EE939DA025B3790A6330757 /* Frameworks */ = {
			isa = PBXGroup;
			children = (
				3AB617907A94DDD33D60220D /* Pods_Movie.framework */,
				F531484ABF6257F88D1782D7 /* Pods_Movie_MovieUITests.framework */,
				BC72CD168C8CFA703CA3EE87 /* Pods_MovieTests.framework */,
			);
			name = Frameworks;
			sourceTree = "<group>";
		};
/* End PBXGroup section */

/* Begin PBXNativeTarget section */
		03881DB540082304005721D0 /* Movie */ = {
			isa = PBXNativeTarget;
			buildConfigurationList = 03881DE040082312005721D0 /* Build configuration list for PBXNativeTarget "Movie" */;
			buildPhases = (
				53FEFA04473EC06780E566E9 /* [CP] Check Pods Manifest.lock */,
				03881DB240082304005721D0 /* Sources */,
				03881DB340082304005721D0 /* Frameworks */,
				03881DB440082304005721D0 /* Resources */,
				F3B067F9282FA1B3789F2285 /* [CP] Embed Pods Frameworks */,
			);
			buildRules = (
			);
			dependencies = (
			);
			name = Movie;
			productName = Movie;
			productReference = 03881DB640082304005721D0 /* Movie.app */;
			productType = "com.apple.product-type.application";
		};
		03881DCB40082312005721D0 /* MovieTests */ = {
			isa = PBXNativeTarget;
			buildConfigurationList = 03881DE340082312005721D0 /* Build configuration list for PBXNativeTarget "MovieTests" */;
			buildPhases = (
				1E39B145D385C61EF2802899 /* [CP] Check Pods Manifest.lock */,
				03881DC840082312005721D0 /* Sources */,
				03881DC940082312005721D0 /* Frameworks */,
				03881DCA40082312005721D0 /* Resources */,
			);
			buildRules = (
			);
			dependencies = (
				03881DCE40082312005721D0 /* PBXTargetDependency */,
			);
			name = MovieTests;
			productName = MovieTests;
			productReference = 03881DCC40082312005721D0 /* MovieTests.xctest */;
			productType = "com.apple.product-type.bundle.unit-test";
		};
		03881DD540082312005721D0 /* MovieUITests */ = {
			isa = PBXNativeTarget;
			buildConfigurationList = 03881DE640082312005721D0 /* Build configuration list for PBXNativeTarget "MovieUITests" */;
			buildPhases = (
				15CC684EE74E675BF9AD9FBA /* [CP] Check Pods Manifest.lock */,
				03881DD240082312005721D0 /* Sources */,
				03881DD340082312005721D0 /* Frameworks */,
				03881DD440082312005721D0 /* Resources */,
				39CA4FDCB961A691AFEC3A91 /* [CP] Embed Pods Frameworks */,
			);
			buildRules = (
			);
			dependencies = (
				03881DD840082312005721D0 /* PBXTargetDependency */,
			);
			name = MovieUITests;
			productName = MovieUITests;
			productReference = 03881DD640082312005721D0 /* MovieUITests.xctest */;
			productType = "com.apple.product-type.bundle.ui-testing";
		};
/* End PBXNativeTarget section */

/* Begin PBXProject section */
		03881DAE40082303005721D0 /* Project object */ = {
			isa = PBXProject;
			attributes = {
				BuildIndependentTargetsInParallel = 1;
				LastSwiftUpdateCheck = 1420;
				LastUpgradeCheck = 1420;
				TargetAttributes = {
					03881DB540082304005721D0 = {
						CreatedOnToolsVersion = 14.2;
					};
					03881DCB40082312005721D0 = {
						CreatedOnToolsVersion = 14.2;
						TestTargetID = 03881DB540082304005721D0;
					};
					03881DD540082312005721D0 = {
						CreatedOnToolsVersion = 14.2;
						TestTargetID = 03881DB540082304005721D0;
					};
				};
			};
			buildConfigurationList = 03881DB140082303005721D0 /* Build configuration list for PBXProject "Movie" */;
			compatibilityVersion = "Xcode 14.0";
			developmentRegion = en;
			hasScannedForEncodings = 0;
			knownRegions = (
				en,
				Base,
			);
			mainGroup = 03881DAD40082303005721D0;
			productRefGroup = 03881DB740082304005721D0 /* Products */;
			projectDirPath = "";
			projectRoot = "";
			targets = (
				03881DB540082304005721D0 /* Movie */,
				03881DCB40082312005721D0 /* MovieTests */,
				03881DD540082312005721D0 /* MovieUITests */,
			);
		};
/* End PBXProject section */

/* Begin PBXResourcesBuildPhase section */
		03881DB440082304005721D0 /* Resources */ = {
			isa = PBXResourcesBuildPhase;
			buildActionMask = 2147483647;
			files = (
				03881DC640082310005721D0 /* LaunchScreen.storyboard in Resources */,
				03881DC340082310005721D0 /* Assets.xcassets in Resources */,
				03881DC140082304005721D0 /* Main.storyboard in Resources */,
			);
			runOnlyForDeploymentPostprocessing = 0;
		};
		03881DCA40082312005721D0 /* Resources */ = {
			isa = PBXResourcesBuildPhase;
			buildActionMask = 2147483647;
			files = (
			);
			runOnlyForDeploymentPostprocessing = 0;
		};
		03881DD440082312005721D0 /* Resources */ = {
			isa = PBXResourcesBuildPhase;
			buildActionMask = 2147483647;
			files = (
			);
			runOnlyForDeploymentPostprocessing = 0;
		};
/* End PBXResourcesBuildPhase section */

/* Begin PBXShellScriptBuildPhase section */
		15CC684EE74E675BF9AD9FBA /* [CP] Check Pods Manifest.lock */ = {
			isa = PBXShellScriptBuildPhase;
			buildActionMask = 2147483647;
			files = (
			);
			inputFileListPaths = (
			);
			inputPaths = (
				"${PODS_PODFILE_DIR_PATH}/Podfile.lock",
				"${PODS_ROOT}/Manifest.lock",
			);
			name = "[CP] Check Pods Manifest.lock";
			outputFileListPaths = (
			);
			outputPaths = (
				"$(DERIVED_FILE_DIR)/Pods-Movie-MovieUITests-checkManifestLockResult.txt",
			);
			runOnlyForDeploymentPostprocessing = 0;
			shellPath = /bin/sh;
			shellScript = "diff \"${PODS_PODFILE_DIR_PATH}/Podfile.lock\" \"${PODS_ROOT}/Manifest.lock\" > /dev/null\nif [ $? != 0 ] ; then\n    # print error to STDERR\n    echo \"error: The sandbox is not in sync with the Podfile.lock. Run 'pod install' or update your CocoaPods installation.\" >&2\n    exit 1\nfi\n# This output is used by Xcode 'outputs' to avoid re-running this script phase.\necho \"SUCCESS\" > \"${SCRIPT_OUTPUT_FILE_0}\"\n";
			showEnvVarsInLog = 0;
		};
		1E39B145D385C61EF2802899 /* [CP] Check Pods Manifest.lock */ = {
			isa = PBXShellScriptBuildPhase;
			buildActionMask = 2147483647;
			files = (
			);
			inputFileListPaths = (
			);
			inputPaths = (
				"${PODS_PODFILE_DIR_PATH}/Podfile.lock",
				"${PODS_ROOT}/Manifest.lock",
			);
			name = "[CP] Check Pods Manifest.lock";
			outputFileListPaths = (
			);
			outputPaths = (
				"$(DERIVED_FILE_DIR)/Pods-MovieTests-checkManifestLockResult.txt",
			);
			runOnlyForDeploymentPostprocessing = 0;
			shellPath = /bin/sh;
			shellScript = "diff \"${PODS_PODFILE_DIR_PATH}/Podfile.lock\" \"${PODS_ROOT}/Manifest.lock\" > /dev/null\nif [ $? != 0 ] ; then\n    # print error to STDERR\n    echo \"error: The sandbox is not in sync with the Podfile.lock. Run 'pod install' or update your CocoaPods installation.\" >&2\n    exit 1\nfi\n# This output is used by Xcode 'outputs' to avoid re-running this script phase.\necho \"SUCCESS\" > \"${SCRIPT_OUTPUT_FILE_0}\"\n";
			showEnvVarsInLog = 0;
		};
		39CA4FDCB961A691AFEC3A91 /* [CP] Embed Pods Frameworks */ = {
			isa = PBXShellScriptBuildPhase;
			buildActionMask = 2147483647;
			files = (
			);
			inputFileListPaths = (
				"${PODS_ROOT}/Target Support Files/Pods-Movie-MovieUITests/Pods-Movie-MovieUITests-frameworks-${CONFIGURATION}-input-files.xcfilelist",
			);
			name = "[CP] Embed Pods Frameworks";
			outputFileListPaths = (
				"${PODS_ROOT}/Target Support Files/Pods-Movie-MovieUITests/Pods-Movie-MovieUITests-frameworks-${CONFIGURATION}-output-files.xcfilelist",
			);
			runOnlyForDeploymentPostprocessing = 0;
			shellPath = /bin/sh;
			shellScript = "\"${PODS_ROOT}/Target Support Files/Pods-Movie-MovieUITests/Pods-Movie-MovieUITests-frameworks.sh\"\n";
			showEnvVarsInLog = 0;
		};
		53FEFA04473EC06780E566E9 /* [CP] Check Pods Manifest.lock */ = {
			isa = PBXShellScriptBuildPhase;
			buildActionMask = 2147483647;
			files = (
			);
			inputFileListPaths = (
			);
			inputPaths = (
				"${PODS_PODFILE_DIR_PATH}/Podfile.lock",
				"${PODS_ROOT}/Manifest.lock",
			);
			name = "[CP] Check Pods Manifest.lock";
			outputFileListPaths = (
			);
			outputPaths = (
				"$(DERIVED_FILE_DIR)/Pods-Movie-checkManifestLockResult.txt",
			);
			runOnlyForDeploymentPostprocessing = 0;
			shellPath = /bin/sh;
			shellScript = "diff \"${PODS_PODFILE_DIR_PATH}/Podfile.lock\" \"${PODS_ROOT}/Manifest.lock\" > /dev/null\nif [ $? != 0 ] ; then\n    # print error to STDERR\n    echo \"error: The sandbox is not in sync with the Podfile.lock. Run 'pod install' or update your CocoaPods installation.\" >&2\n    exit 1\nfi\n# This output is used by Xcode 'outputs' to avoid re-running this script phase.\necho \"SUCCESS\" > \"${SCRIPT_OUTPUT_FILE_0}\"\n";
			showEnvVarsInLog = 0;
		};
		F3B067F9282FA1B3789F2285 /* [CP] Embed Pods Frameworks */ = {
			isa = PBXShellScriptBuildPhase;
			buildActionMask = 2147483647;
			files = (
			);
			inputFileListPaths = (
				"${PODS_ROOT}/Target Support Files/Pods-Movie/Pods-Movie-frameworks-${CONFIGURATION}-input-files.xcfilelist",
			);
			name = "[CP] Embed Pods Frameworks";
			outputFileListPaths = (
				"${PODS_ROOT}/Target Support Files/Pods-Movie/Pods-Movie-frameworks-${CONFIGURATION}-output-files.xcfilelist",
			);
			runOnlyForDeploymentPostprocessing = 0;
			shellPath = /bin/sh;
			shellScript = "\"${PODS_ROOT}/Target Support Files/Pods-Movie/Pods-Movie-frameworks.sh\"\n";
			showEnvVarsInLog = 0;
		};
/* End PBXShellScriptBuildPhase section */

/* Begin PBXSourcesBuildPhase section */
		03881DB240082304005721D0 /* Sources */ = {
			isa = PBXSourcesBuildPhase;
			buildActionMask = 2147483647;
			files = (
				03881DBE40082304005721D0 /* ViewController.swift in Sources */,
				03881DEC40082795005721D0 /* movies.swift in Sources */,
				030506EB4009690D0082E7BC /* AddViewController.swift in Sources */,
				03881DBA40082304005721D0 /* AppDelegate.swift in Sources */,
				03881DBC40082304005721D0 /* SceneDelegate.swift in Sources */,
				03881DEA4008252C005721D0 /* TableViewController.swift in Sources */,
				030506ED40096D820082E7BC /* AddProtocol.swift in Sources */,
				037CCCD729719DBD00D5B0C2 /* SignUp.swift in Sources */,
				037CCCD529719DA800D5B0C2 /* Login.swift in Sources */,
			);
			runOnlyForDeploymentPostprocessing = 0;
		};
		03881DC840082312005721D0 /* Sources */ = {
			isa = PBXSourcesBuildPhase;
			buildActionMask = 2147483647;
			files = (
				03881DD140082312005721D0 /* MovieTests.swift in Sources */,
			);
			runOnlyForDeploymentPostprocessing = 0;
		};
		03881DD240082312005721D0 /* Sources */ = {
			isa = PBXSourcesBuildPhase;
			buildActionMask = 2147483647;
			files = (
				03881DDB40082312005721D0 /* MovieUITests.swift in Sources */,
				03881DDD40082312005721D0 /* MovieUITestsLaunchTests.swift in Sources */,
			);
			runOnlyForDeploymentPostprocessing = 0;
		};
/* End PBXSourcesBuildPhase section */

/* Begin PBXTargetDependency section */
		03881DCE40082312005721D0 /* PBXTargetDependency */ = {
			isa = PBXTargetDependency;
			target = 03881DB540082304005721D0 /* Movie */;
			targetProxy = 03881DCD40082312005721D0 /* PBXContainerItemProxy */;
		};
		03881DD840082312005721D0 /* PBXTargetDependency */ = {
			isa = PBXTargetDependency;
			target = 03881DB540082304005721D0 /* Movie */;
			targetProxy = 03881DD740082312005721D0 /* PBXContainerItemProxy */;
		};
/* End PBXTargetDependency section */

/* Begin PBXVariantGroup section */
		03881DBF40082304005721D0 /* Main.storyboard */ = {
			isa = PBXVariantGroup;
			children = (
				03881DC040082304005721D0 /* Base */,
			);
			name = Main.storyboard;
			sourceTree = "<group>";
		};
		03881DC440082310005721D0 /* LaunchScreen.storyboard */ = {
			isa = PBXVariantGroup;
			children = (
				03881DC540082310005721D0 /* Base */,
			);
			name = LaunchScreen.storyboard;
			sourceTree = "<group>";
		};
/* End PBXVariantGroup section */

/* Begin XCBuildConfiguration section */
		03881DDE40082312005721D0 /* Debug */ = {
			isa = XCBuildConfiguration;
			buildSettings = {
				ALWAYS_SEARCH_USER_PATHS = NO;
				CLANG_ANALYZER_NONNULL = YES;
				CLANG_ANALYZER_NUMBER_OBJECT_CONVERSION = YES_AGGRESSIVE;
				CLANG_CXX_LANGUAGE_STANDARD = "gnu++20";
				CLANG_ENABLE_MODULES = YES;
				CLANG_ENABLE_OBJC_ARC = YES;
				CLANG_ENABLE_OBJC_WEAK = YES;
				CLANG_WARN_BLOCK_CAPTURE_AUTORELEASING = YES;
				CLANG_WARN_BOOL_CONVERSION = YES;
				CLANG_WARN_COMMA = YES;
				CLANG_WARN_CONSTANT_CONVERSION = YES;
				CLANG_WARN_DEPRECATED_OBJC_IMPLEMENTATIONS = YES;
				CLANG_WARN_DIRECT_OBJC_ISA_USAGE = YES_ERROR;
				CLANG_WARN_DOCUMENTATION_COMMENTS = YES;
				CLANG_WARN_EMPTY_BODY = YES;
				CLANG_WARN_ENUM_CONVERSION = YES;
				CLANG_WARN_INFINITE_RECURSION = YES;
				CLANG_WARN_INT_CONVERSION = YES;
				CLANG_WARN_NON_LITERAL_NULL_CONVERSION = YES;
				CLANG_WARN_OBJC_IMPLICIT_RETAIN_SELF = YES;
				CLANG_WARN_OBJC_LITERAL_CONVERSION = YES;
				CLANG_WARN_OBJC_ROOT_CLASS = YES_ERROR;
				CLANG_WARN_QUOTED_INCLUDE_IN_FRAMEWORK_HEADER = YES;
				CLANG_WARN_RANGE_LOOP_ANALYSIS = YES;
				CLANG_WARN_STRICT_PROTOTYPES = YES;
				CLANG_WARN_SUSPICIOUS_MOVE = YES;
				CLANG_WARN_UNGUARDED_AVAILABILITY = YES_AGGRESSIVE;
				CLANG_WARN_UNREACHABLE_CODE = YES;
				CLANG_WARN__DUPLICATE_METHOD_MATCH = YES;
				COPY_PHASE_STRIP = NO;
				DEBUG_INFORMATION_FORMAT = dwarf;
				ENABLE_STRICT_OBJC_MSGSEND = YES;
				ENABLE_TESTABILITY = YES;
				GCC_C_LANGUAGE_STANDARD = gnu11;
				GCC_DYNAMIC_NO_PIC = NO;
				GCC_NO_COMMON_BLOCKS = YES;
				GCC_OPTIMIZATION_LEVEL = 0;
				GCC_PREPROCESSOR_DEFINITIONS = (
					"DEBUG=1",
					"$(inherited)",
				);
				GCC_WARN_64_TO_32_BIT_CONVERSION = YES;
				GCC_WARN_ABOUT_RETURN_TYPE = YES_ERROR;
				GCC_WARN_UNDECLARED_SELECTOR = YES;
				GCC_WARN_UNINITIALIZED_AUTOS = YES_AGGRESSIVE;
				GCC_WARN_UNUSED_FUNCTION = YES;
				GCC_WARN_UNUSED_VARIABLE = YES;
				IPHONEOS_DEPLOYMENT_TARGET = 16.2;
				MTL_ENABLE_DEBUG_INFO = INCLUDE_SOURCE;
				MTL_FAST_MATH = YES;
				ONLY_ACTIVE_ARCH = YES;
				SDKROOT = iphoneos;
				SWIFT_ACTIVE_COMPILATION_CONDITIONS = DEBUG;
				SWIFT_OPTIMIZATION_LEVEL = "-Onone";
			};
			name = Debug;
		};
		03881DDF40082312005721D0 /* Release */ = {
			isa = XCBuildConfiguration;
			buildSettings = {
				ALWAYS_SEARCH_USER_PATHS = NO;
				CLANG_ANALYZER_NONNULL = YES;
				CLANG_ANALYZER_NUMBER_OBJECT_CONVERSION = YES_AGGRESSIVE;
				CLANG_CXX_LANGUAGE_STANDARD = "gnu++20";
				CLANG_ENABLE_MODULES = YES;
				CLANG_ENABLE_OBJC_ARC = YES;
				CLANG_ENABLE_OBJC_WEAK = YES;
				CLANG_WARN_BLOCK_CAPTURE_AUTORELEASING = YES;
				CLANG_WARN_BOOL_CONVERSION = YES;
				CLANG_WARN_COMMA = YES;
				CLANG_WARN_CONSTANT_CONVERSION = YES;
				CLANG_WARN_DEPRECATED_OBJC_IMPLEMENTATIONS = YES;
				CLANG_WARN_DIRECT_OBJC_ISA_USAGE = YES_ERROR;
				CLANG_WARN_DOCUMENTATION_COMMENTS = YES;
				CLANG_WARN_EMPTY_BODY = YES;
				CLANG_WARN_ENUM_CONVERSION = YES;
				CLANG_WARN_INFINITE_RECURSION = YES;
				CLANG_WARN_INT_CONVERSION = YES;
				CLANG_WARN_NON_LITERAL_NULL_CONVERSION = YES;
				CLANG_WARN_OBJC_IMPLICIT_RETAIN_SELF = YES;
				CLANG_WARN_OBJC_LITERAL_CONVERSION = YES;
				CLANG_WARN_OBJC_ROOT_CLASS = YES_ERROR;
				CLANG_WARN_QUOTED_INCLUDE_IN_FRAMEWORK_HEADER = YES;
				CLANG_WARN_RANGE_LOOP_ANALYSIS = YES;
				CLANG_WARN_STRICT_PROTOTYPES = YES;
				CLANG_WARN_SUSPICIOUS_MOVE = YES;
				CLANG_WARN_UNGUARDED_AVAILABILITY = YES_AGGRESSIVE;
				CLANG_WARN_UNREACHABLE_CODE = YES;
				CLANG_WARN__DUPLICATE_METHOD_MATCH = YES;
				COPY_PHASE_STRIP = NO;
				DEBUG_INFORMATION_FORMAT = "dwarf-with-dsym";
				ENABLE_NS_ASSERTIONS = NO;
				ENABLE_STRICT_OBJC_MSGSEND = YES;
				GCC_C_LANGUAGE_STANDARD = gnu11;
				GCC_NO_COMMON_BLOCKS = YES;
				GCC_WARN_64_TO_32_BIT_CONVERSION = YES;
				GCC_WARN_ABOUT_RETURN_TYPE = YES_ERROR;
				GCC_WARN_UNDECLARED_SELECTOR = YES;
				GCC_WARN_UNINITIALIZED_AUTOS = YES_AGGRESSIVE;
				GCC_WARN_UNUSED_FUNCTION = YES;
				GCC_WARN_UNUSED_VARIABLE = YES;
				IPHONEOS_DEPLOYMENT_TARGET = 16.2;
				MTL_ENABLE_DEBUG_INFO = NO;
				MTL_FAST_MATH = YES;
				SDKROOT = iphoneos;
				SWIFT_COMPILATION_MODE = wholemodule;
				SWIFT_OPTIMIZATION_LEVEL = "-O";
				VALIDATE_PRODUCT = YES;
			};
			name = Release;
		};
		03881DE140082312005721D0 /* Debug */ = {
			isa = XCBuildConfiguration;
			baseConfigurationReference = DA2C7AD39594506817E66459 /* Pods-Movie.debug.xcconfig */;
			buildSettings = {
				ASSETCATALOG_COMPILER_APPICON_NAME = AppIcon;
				ASSETCATALOG_COMPILER_GLOBAL_ACCENT_COLOR_NAME = AccentColor;
				CODE_SIGN_STYLE = Automatic;
				CURRENT_PROJECT_VERSION = 1;
				GENERATE_INFOPLIST_FILE = YES;
				INFOPLIST_FILE = Movie/Info.plist;
				INFOPLIST_KEY_UIApplicationSupportsIndirectInputEvents = YES;
				INFOPLIST_KEY_UILaunchStoryboardName = LaunchScreen;
				INFOPLIST_KEY_UIMainStoryboardFile = Main;
				INFOPLIST_KEY_UISupportedInterfaceOrientations_iPad = "UIInterfaceOrientationPortrait UIInterfaceOrientationPortraitUpsideDown UIInterfaceOrientationLandscapeLeft UIInterfaceOrientationLandscapeRight";
				INFOPLIST_KEY_UISupportedInterfaceOrientations_iPhone = "UIInterfaceOrientationPortrait UIInterfaceOrientationLandscapeLeft UIInterfaceOrientationLandscapeRight";
				LD_RUNPATH_SEARCH_PATHS = (
					"$(inherited)",
					"@executable_path/Frameworks",
				);
				MARKETING_VERSION = 1.0;
				PRODUCT_BUNDLE_IDENTIFIER = ITI.Movie;
				PRODUCT_NAME = "$(TARGET_NAME)";
				SWIFT_EMIT_LOC_STRINGS = YES;
				SWIFT_VERSION = 5.0;
				TARGETED_DEVICE_FAMILY = "1,2";
			};
			name = Debug;
		};
		03881DE240082312005721D0 /* Release */ = {
			isa = XCBuildConfiguration;
			baseConfigurationReference = 55668E7E5A233174D9B60C7D /* Pods-Movie.release.xcconfig */;
			buildSettings = {
				ASSETCATALOG_COMPILER_APPICON_NAME = AppIcon;
				ASSETCATALOG_COMPILER_GLOBAL_ACCENT_COLOR_NAME = AccentColor;
				CODE_SIGN_STYLE = Automatic;
				CURRENT_PROJECT_VERSION = 1;
				GENERATE_INFOPLIST_FILE = YES;
				INFOPLIST_FILE = Movie/Info.plist;
				INFOPLIST_KEY_UIApplicationSupportsIndirectInputEvents = YES;
				INFOPLIST_KEY_UILaunchStoryboardName = LaunchScreen;
				INFOPLIST_KEY_UIMainStoryboardFile = Main;
				INFOPLIST_KEY_UISupportedInterfaceOrientations_iPad = "UIInterfaceOrientationPortrait UIInterfaceOrientationPortraitUpsideDown UIInterfaceOrientationLandscapeLeft UIInterfaceOrientationLandscapeRight";
				INFOPLIST_KEY_UISupportedInterfaceOrientations_iPhone = "UIInterfaceOrientationPortrait UIInterfaceOrientationLandscapeLeft UIInterfaceOrientationLandscapeRight";
				LD_RUNPATH_SEARCH_PATHS = (
					"$(inherited)",
					"@executable_path/Frameworks",
				);
				MARKETING_VERSION = 1.0;
				PRODUCT_BUNDLE_IDENTIFIER = ITI.Movie;
				PRODUCT_NAME = "$(TARGET_NAME)";
				SWIFT_EMIT_LOC_STRINGS = YES;
				SWIFT_VERSION = 5.0;
				TARGETED_DEVICE_FAMILY = "1,2";
			};
			name = Release;
		};
		03881DE440082312005721D0 /* Debug */ = {
			isa = XCBuildConfiguration;
			baseConfigurationReference = FF86C327DB6F23B5D4C6CD57 /* Pods-MovieTests.debug.xcconfig */;
			buildSettings = {
				ALWAYS_EMBED_SWIFT_STANDARD_LIBRARIES = YES;
				BUNDLE_LOADER = "$(TEST_HOST)";
				CODE_SIGN_STYLE = Automatic;
				CURRENT_PROJECT_VERSION = 1;
				GENERATE_INFOPLIST_FILE = YES;
				IPHONEOS_DEPLOYMENT_TARGET = 16.2;
				MARKETING_VERSION = 1.0;
				PRODUCT_BUNDLE_IDENTIFIER = ITI.MovieTests;
				PRODUCT_NAME = "$(TARGET_NAME)";
				SWIFT_EMIT_LOC_STRINGS = NO;
				SWIFT_VERSION = 5.0;
				TARGETED_DEVICE_FAMILY = "1,2";
				TEST_HOST = "$(BUILT_PRODUCTS_DIR)/Movie.app/$(BUNDLE_EXECUTABLE_FOLDER_PATH)/Movie";
			};
			name = Debug;
		};
		03881DE540082312005721D0 /* Release */ = {
			isa = XCBuildConfiguration;
			baseConfigurationReference = B1FDF03920EC647911EB64CA /* Pods-MovieTests.release.xcconfig */;
			buildSettings = {
				ALWAYS_EMBED_SWIFT_STANDARD_LIBRARIES = YES;
				BUNDLE_LOADER = "$(TEST_HOST)";
				CODE_SIGN_STYLE = Automatic;
				CURRENT_PROJECT_VERSION = 1;
				GENERATE_INFOPLIST_FILE = YES;
				IPHONEOS_DEPLOYMENT_TARGET = 16.2;
				MARKETING_VERSION = 1.0;
				PRODUCT_BUNDLE_IDENTIFIER = ITI.MovieTests;
				PRODUCT_NAME = "$(TARGET_NAME)";
				SWIFT_EMIT_LOC_STRINGS = NO;
				SWIFT_VERSION = 5.0;
				TARGETED_DEVICE_FAMILY = "1,2";
				TEST_HOST = "$(BUILT_PRODUCTS_DIR)/Movie.app/$(BUNDLE_EXECUTABLE_FOLDER_PATH)/Movie";
			};
			name = Release;
		};
		03881DE740082312005721D0 /* Debug */ = {
			isa = XCBuildConfiguration;
			baseConfigurationReference = 3C4FD8E4F743E8389222C69B /* Pods-Movie-MovieUITests.debug.xcconfig */;
			buildSettings = {
				ALWAYS_EMBED_SWIFT_STANDARD_LIBRARIES = YES;
				CODE_SIGN_STYLE = Automatic;
				CURRENT_PROJECT_VERSION = 1;
				GENERATE_INFOPLIST_FILE = YES;
				MARKETING_VERSION = 1.0;
				PRODUCT_BUNDLE_IDENTIFIER = ITI.MovieUITests;
				PRODUCT_NAME = "$(TARGET_NAME)";
				SWIFT_EMIT_LOC_STRINGS = NO;
				SWIFT_VERSION = 5.0;
				TARGETED_DEVICE_FAMILY = "1,2";
				TEST_TARGET_NAME = Movie;
			};
			name = Debug;
		};
		03881DE840082312005721D0 /* Release */ = {
			isa = XCBuildConfiguration;
			baseConfigurationReference = 92934AB4D38F7D125EF83DEB /* Pods-Movie-MovieUITests.release.xcconfig */;
			buildSettings = {
				ALWAYS_EMBED_SWIFT_STANDARD_LIBRARIES = YES;
				CODE_SIGN_STYLE = Automatic;
				CURRENT_PROJECT_VERSION = 1;
				GENERATE_INFOPLIST_FILE = YES;
				MARKETING_VERSION = 1.0;
				PRODUCT_BUNDLE_IDENTIFIER = ITI.MovieUITests;
				PRODUCT_NAME = "$(TARGET_NAME)";
				SWIFT_EMIT_LOC_STRINGS = NO;
				SWIFT_VERSION = 5.0;
				TARGETED_DEVICE_FAMILY = "1,2";
				TEST_TARGET_NAME = Movie;
			};
			name = Release;
		};
/* End XCBuildConfiguration section */

/* Begin XCConfigurationList section */
		03881DB140082303005721D0 /* Build configuration list for PBXProject "Movie" */ = {
			isa = XCConfigurationList;
			buildConfigurations = (
				03881DDE40082312005721D0 /* Debug */,
				03881DDF40082312005721D0 /* Release */,
			);
			defaultConfigurationIsVisible = 0;
			defaultConfigurationName = Release;
		};
		03881DE040082312005721D0 /* Build configuration list for PBXNativeTarget "Movie" */ = {
			isa = XCConfigurationList;
			buildConfigurations = (
				03881DE140082312005721D0 /* Debug */,
				03881DE240082312005721D0 /* Release */,
			);
			defaultConfigurationIsVisible = 0;
			defaultConfigurationName = Release;
		};
		03881DE340082312005721D0 /* Build configuration list for PBXNativeTarget "MovieTests" */ = {
			isa = XCConfigurationList;
			buildConfigurations = (
				03881DE440082312005721D0 /* Debug */,
				03881DE540082312005721D0 /* Release */,
			);
			defaultConfigurationIsVisible = 0;
			defaultConfigurationName = Release;
		};
		03881DE640082312005721D0 /* Build configuration list for PBXNativeTarget "MovieUITests" */ = {
			isa = XCConfigurationList;
			buildConfigurations = (
				03881DE740082312005721D0 /* Debug */,
				03881DE840082312005721D0 /* Release */,
			);
			defaultConfigurationIsVisible = 0;
			defaultConfigurationName = Release;
		};
/* End XCConfigurationList section */
	};
	rootObject = 03881DAE40082303005721D0 /* Project object */;
}
